
Microsoft Visual Studio Solution File, Format Version 12.00
# Visual Studio Version 17
VisualStudioVersion = 17.8.34511.84
MinimumVisualStudioVersion = 10.0.40219.1
Project("{FAE04EC0-301F-11D3-BF4B-00C04F79EFBC}") = "ConsoleAppCoreClasswork2", "ConsoleAppCoreClasswork2.csproj", "{4DCCA701-3CE1-4318-B6C2-1EC506D38ED8}"
EndProject
Global
	GlobalSection(SolutionConfigurationPlatforms) = preSolution
		Debug|Any CPU = Debug|Any CPU
		Release|Any CPU = Release|Any CPU
	EndGlobalSection
	GlobalSection(ProjectConfigurationPlatforms) = postSolution
		{4DCCA701-3CE1-4318-B6C2-1EC506D38ED8}.Debug|Any CPU.ActiveCfg = Debug|Any CPU
		{4DCCA701-3CE1-4318-B6C2-1EC506D38ED8}.Debug|Any CPU.Build.0 = Debug|Any CPU
		{4DCCA701-3CE1-4318-B6C2-1EC506D38ED8}.Release|Any CPU.ActiveCfg = Release|Any CPU
		{4DCCA701-3CE1-4318-B6C2-1EC506D38ED8}.Release|Any CPU.Build.0 = Release|Any CPU
	EndGlobalSection
	GlobalSection(SolutionProperties) = preSolution
		HideSolutionNode = FALSE
	EndGlobalSection
	GlobalSection(ExtensibilityGlobals) = postSolution
		SolutionGuid = {96A149CC-21CD-4F74-ADD0-48D96A1DD1C2}
	EndGlobalSection
EndGlobal
